
Microsoft Visual Studio Solution File, Format Version 12.00
# Visual Studio Version 16
VisualStudioVersion = 16.0.32407.337
MinimumVisualStudioVersion = 10.0.40219.1
Project("{FAE04EC0-301F-11D3-BF4B-00C04F79EFBC}") = "XYZCorp.EmailDownloader", "XYZCorp.EmailDownloader\XYZCorp.EmailDownloader.csproj", "{26B27C65-C565-4980-82D4-0F3B0502FBEC}"
EndProject
Project("{FAE04EC0-301F-11D3-BF4B-00C04F79EFBC}") = "XYZCorp.GraphService", "XYZCorp.GraphService\XYZCorp.GraphService.csproj", "{482FC130-9145-4E76-BB46-B932AF818502}"
EndProject
Global
	GlobalSection(SolutionConfigurationPlatforms) = preSolution
		Debug|Any CPU = Debug|Any CPU
		Release|Any CPU = Release|Any CPU
	EndGlobalSection
	GlobalSection(ProjectConfigurationPlatforms) = postSolution
		{26B27C65-C565-4980-82D4-0F3B0502FBEC}.Debug|Any CPU.ActiveCfg = Debug|Any CPU
		{26B27C65-C565-4980-82D4-0F3B0502FBEC}.Debug|Any CPU.Build.0 = Debug|Any CPU
		{26B27C65-C565-4980-82D4-0F3B0502FBEC}.Release|Any CPU.ActiveCfg = Release|Any CPU
		{26B27C65-C565-4980-82D4-0F3B0502FBEC}.Release|Any CPU.Build.0 = Release|Any CPU
		{482FC130-9145-4E76-BB46-B932AF818502}.Debug|Any CPU.ActiveCfg = Debug|Any CPU
		{482FC130-9145-4E76-BB46-B932AF818502}.Debug|Any CPU.Build.0 = Debug|Any CPU
		{482FC130-9145-4E76-BB46-B932AF818502}.Release|Any CPU.ActiveCfg = Release|Any CPU
		{482FC130-9145-4E76-BB46-B932AF818502}.Release|Any CPU.Build.0 = Release|Any CPU
	EndGlobalSection
	GlobalSection(SolutionProperties) = preSolution
		HideSolutionNode = FALSE
	EndGlobalSection
	GlobalSection(ExtensibilityGlobals) = postSolution
		SolutionGuid = {6EBC921B-4660-455A-B701-ACEF477739EB}
	EndGlobalSection
EndGlobal
